{
    "_meta": {
        "hash": {
            "sha256": "b5e7006576f49913fa4187e687007fa8d535ca812330401de8f486329fd196e3"
        },
        "pipfile-spec": 6,
        "requires": {
            "python_version": "3.8"
        },
        "sources": [
            {
                "name": "pypi",
                "url": "https://pypi.python.org/simple",
                "verify_ssl": true
            }
        ]
    },
    "default": {
        "ariadne": {
            "hashes": [
                "sha256:56bc3609a0512920f06e9312f8ea6db3c8e4a7cd77f31fbed388f5dba6d589c0",
                "sha256:e00abd7eb5869b59a638f1e3a7743445bf387236048cf1b0eb9d7c506dcd37c5"
            ],
            "index": "pypi",
            "version": "==0.13.0"
        },
        "boto3": {
            "hashes": [
                "sha256:4caf01511a07e229855b964d43ddbc6b3db1fd88a3747a4a7ca6d398ce04f3d3",
                "sha256:fcd1a0318919bddf4efd0a8858214ed07d08a870d79d20f9b2d6df5d3092b8d8"
            ],
            "index": "pypi",
            "version": "==1.17.58"
        },
        "botocore": {
            "hashes": [
                "sha256:0de54af6af58d59237377f1bbe43edc4395d88848cddbe00f546703d4026c638",
                "sha256:2830596e0d92d82abaf78a7926e49a3b7a80c93cdc75e95717a1dd4ea9027283"
            ],
            "version": "==1.20.58"
        },
        "click": {
            "hashes": [
                "sha256:d2b5255c7c6349bc1bd1e59e08cd12acbbd63ce649f2588755783aa94dfb6b1a",
                "sha256:dacca89f4bfadd5de3d7489b7c8a566eee0d3676333fbb50030263894c38c0dc"
            ],
            "version": "==7.1.2"
        },
        "graphql-core": {
            "hashes": [
                "sha256:2ae62ed27eb5c629fdfd06f89bec36a427bef97d37aef41e8f195c5352f22bea",
                "sha256:972eff18416ad90815c95914b754486270f13fbe1a24e010c7eedbaa903b9386"
            ],
            "version": "==3.1.4"
        },
        "h11": {
            "hashes": [
                "sha256:36a3cb8c0a032f56e2da7084577878a035d3b61d104230d4bd49c0c6b555a9c6",
                "sha256:47222cb6067e4a307d535814917cd98fd0a57b6788ce715755fa2b6c28b56042"
            ],
            "version": "==0.12.0"
        },
        "jmespath": {
            "hashes": [
                "sha256:b85d0567b8666149a93172712e68920734333c0ce7e89b78b3e987f71e5ed4f9",
                "sha256:cdf6525904cc597730141d61b36f2e4b8ecc257c420fa2f4549bac2c2d0cb72f"
            ],
            "version": "==0.10.0"
        },
        "python-dateutil": {
            "hashes": [
                "sha256:73ebfe9dbf22e832286dafa60473e4cd239f8592f699aa5adaf10050e6e1823c",
                "sha256:75bb3f31ea686f1197762692a9ee6a7550b59fc6ca3a1f4b5d7e32fb98e2da2a"
            ],
            "version": "==2.8.1"
        },
        "s3transfer": {
            "hashes": [
                "sha256:9b3752887a2880690ce628bc263d6d13a3864083aeacff4890c1c9839a5eb0bc",
                "sha256:cb022f4b16551edebbb31a377d3f09600dbada7363d8c5db7976e7f47732e1b2"
            ],
            "version": "==0.4.2"
        },
        "six": {
            "hashes": [
                "sha256:30639c035cdb23534cd4aa2dd52c3bf48f06e5f4a941509c8bafd8ce11080259",
                "sha256:8b74bedcbbbaca38ff6d7491d76f2b06b3592611af620f8426e82dddb04a5ced"
            ],
            "version": "==1.15.0"
        },
        "starlette": {
            "hashes": [
                "sha256:3c8e48e52736b3161e34c9f0e8153b4f32ec5d8995a3ee1d59410d92f75162ed",
                "sha256:7d49f4a27f8742262ef1470608c59ddbc66baf37c148e938c7038e6bc7a998aa"
            ],
            "index": "pypi",
            "version": "==0.14.2"
        },
        "typing-extensions": {
            "hashes": [
                "sha256:7cb407020f00f7bfc3cb3e7881628838e69d8f3fcab2f64742a5e76b2f841918",
                "sha256:99d4073b617d30288f569d3f13d2bd7548c3a7e4c8de87db09a9d29bb3a4a60c",
                "sha256:dafc7639cde7f1b6e1acc0f457842a83e722ccca8eef5270af2d74792619a89f"
            ],
            "version": "==3.7.4.3"
        },
        "urllib3": {
            "hashes": [
                "sha256:2f4da4594db7e1e110a944bb1b551fdf4e6c136ad42e4234131391e21eb5b0df",
                "sha256:e7b021f7241115872f92f43c6508082facffbd1c048e3c6e2bb9c2a157e28937"
            ],
            "version": "==1.26.4"
        },
        "uvicorn": {
            "hashes": [
                "sha256:3292251b3c7978e8e4a7868f4baf7f7f7bb7e40c759ecc125c37e99cdea34202",
                "sha256:7587f7b08bd1efd2b9bad809a3d333e972f1d11af8a5e52a9371ee3a5de71524"
            ],
            "index": "pypi",
            "version": "==0.13.4"
        }
    },
    "develop": {}
}
